
Microsoft Visual Studio Solution File, Format Version 12.00
# Visual Studio 2017
Project("{FAE04EC0-301F-11D3-BF4B-00C04F79EFBC}") = "Doppelganger", "Doppelganger.csproj", "{530CCC8B-7F27-350A-B647-F746990781D8}"
EndProject
Project("{FAE04EC0-301F-11D3-BF4B-00C04F79EFBC}") = "Doppelganger.Editor", "Doppelganger.Editor.csproj", "{911702A6-04B5-15F4-8A5F-4D862DED469A}"
EndProject
Global
	GlobalSection(SolutionConfigurationPlatforms) = preSolution
		Debug|Any CPU = Debug|Any CPU
		Release|Any CPU = Release|Any CPU
	EndGlobalSection
	GlobalSection(ProjectConfigurationPlatforms) = postSolution
		{530CCC8B-7F27-350A-B647-F746990781D8}.Debug|Any CPU.ActiveCfg = Debug|Any CPU
		{530CCC8B-7F27-350A-B647-F746990781D8}.Debug|Any CPU.Build.0 = Debug|Any CPU
		{530CCC8B-7F27-350A-B647-F746990781D8}.Release|Any CPU.ActiveCfg = Release|Any CPU
		{530CCC8B-7F27-350A-B647-F746990781D8}.Release|Any CPU.Build.0 = Release|Any CPU
		{911702A6-04B5-15F4-8A5F-4D862DED469A}.Debug|Any CPU.ActiveCfg = Debug|Any CPU
		{911702A6-04B5-15F4-8A5F-4D862DED469A}.Debug|Any CPU.Build.0 = Debug|Any CPU
		{911702A6-04B5-15F4-8A5F-4D862DED469A}.Release|Any CPU.ActiveCfg = Release|Any CPU
		{911702A6-04B5-15F4-8A5F-4D862DED469A}.Release|Any CPU.Build.0 = Release|Any CPU
	EndGlobalSection
	GlobalSection(SolutionProperties) = preSolution
		HideSolutionNode = FALSE
	EndGlobalSection
EndGlobal
