
Microsoft Visual Studio Solution File, Format Version 12.00
# Visual Studio 2017
Project("{FAE04EC0-301F-11D3-BF4B-00C04F79EFBC}") = "Proyecto", "Proyecto.csproj", "{5EAB1A7E-7292-AA70-BF55-B5E31639EE19}"
EndProject
Project("{FAE04EC0-301F-11D3-BF4B-00C04F79EFBC}") = "Proyecto.Editor", "Proyecto.Editor.csproj", "{4E6DA9A9-2382-1EA4-869C-1CD3D7E7CC72}"
EndProject
Global
	GlobalSection(SolutionConfigurationPlatforms) = preSolution
		Debug|Any CPU = Debug|Any CPU
		Release|Any CPU = Release|Any CPU
	EndGlobalSection
	GlobalSection(ProjectConfigurationPlatforms) = postSolution
		{5EAB1A7E-7292-AA70-BF55-B5E31639EE19}.Debug|Any CPU.ActiveCfg = Debug|Any CPU
		{5EAB1A7E-7292-AA70-BF55-B5E31639EE19}.Debug|Any CPU.Build.0 = Debug|Any CPU
		{5EAB1A7E-7292-AA70-BF55-B5E31639EE19}.Release|Any CPU.ActiveCfg = Release|Any CPU
		{5EAB1A7E-7292-AA70-BF55-B5E31639EE19}.Release|Any CPU.Build.0 = Release|Any CPU
		{4E6DA9A9-2382-1EA4-869C-1CD3D7E7CC72}.Debug|Any CPU.ActiveCfg = Debug|Any CPU
		{4E6DA9A9-2382-1EA4-869C-1CD3D7E7CC72}.Debug|Any CPU.Build.0 = Debug|Any CPU
		{4E6DA9A9-2382-1EA4-869C-1CD3D7E7CC72}.Release|Any CPU.ActiveCfg = Release|Any CPU
		{4E6DA9A9-2382-1EA4-869C-1CD3D7E7CC72}.Release|Any CPU.Build.0 = Release|Any CPU
	EndGlobalSection
	GlobalSection(SolutionProperties) = preSolution
		HideSolutionNode = FALSE
	EndGlobalSection
EndGlobal
